// !$*UTF8*$!
{
	archiveVersion = 1;
	classes = {
	};
	objectVersion = 56;
	objects = {

/* Begin PBXBuildFile section */
		DF1B0DC02BF8E1BE00EDFC1A /* ProfilePresenter.swift in Sources */ = {isa = PBXBuildFile; fileRef = DF1B0DBF2BF8E1BE00EDFC1A /* ProfilePresenter.swift */; };
		DF1B0DC32BF8E1DA00EDFC1A /* ProfileModel.swift in Sources */ = {isa = PBXBuildFile; fileRef = DF1B0DC22BF8E1DA00EDFC1A /* ProfileModel.swift */; };
		DF1B0DC92BF91D8900EDFC1A /* FaqViewController.swift in Sources */ = {isa = PBXBuildFile; fileRef = DF1B0DC82BF91D8900EDFC1A /* FaqViewController.swift */; };
		DF1B0DCB2BFA305100EDFC1A /* AboutViewController.swift in Sources */ = {isa = PBXBuildFile; fileRef = DF1B0DCA2BFA305100EDFC1A /* AboutViewController.swift */; };
		DF1B0DCD2BFA30C700EDFC1A /* GoalViewController.swift in Sources */ = {isa = PBXBuildFile; fileRef = DF1B0DCC2BFA30C700EDFC1A /* GoalViewController.swift */; };
		DF1B0DCF2BFA30EC00EDFC1A /* AdvantageViewController.swift in Sources */ = {isa = PBXBuildFile; fileRef = DF1B0DCE2BFA30EC00EDFC1A /* AdvantageViewController.swift */; };
		DF1B0DD12BFA311200EDFC1A /* HelpViewController.swift in Sources */ = {isa = PBXBuildFile; fileRef = DF1B0DD02BFA311200EDFC1A /* HelpViewController.swift */; };
		DF1B0DD32BFA312B00EDFC1A /* CreateViewController.swift in Sources */ = {isa = PBXBuildFile; fileRef = DF1B0DD22BFA312B00EDFC1A /* CreateViewController.swift */; };
		DF1B0DE22BFE460300EDFC1A /* UserViewController.swift in Sources */ = {isa = PBXBuildFile; fileRef = DF1B0DE12BFE460300EDFC1A /* UserViewController.swift */; };
		DF1B0DE52BFE472F00EDFC1A /* UserModel.swift in Sources */ = {isa = PBXBuildFile; fileRef = DF1B0DE42BFE472F00EDFC1A /* UserModel.swift */; };
		DF1B0DEB2BFE50B000EDFC1A /* SettingsViewController.swift in Sources */ = {isa = PBXBuildFile; fileRef = DF1B0DEA2BFE50B000EDFC1A /* SettingsViewController.swift */; };
		DFC9B0662C0749020034D6B9 /* SettingsPresenter.swift in Sources */ = {isa = PBXBuildFile; fileRef = DFC9B0652C0749020034D6B9 /* SettingsPresenter.swift */; };
		DFC9B06C2C075B330034D6B9 /* Theme.swift in Sources */ = {isa = PBXBuildFile; fileRef = DFC9B06B2C075B330034D6B9 /* Theme.swift */; };
		DFC9B06E2C075BE00034D6B9 /* MTUserDefaults.swift in Sources */ = {isa = PBXBuildFile; fileRef = DFC9B06D2C075BE00034D6B9 /* MTUserDefaults.swift */; };
		DFC9B0702C077D290034D6B9 /* CollectionViewCell.swift in Sources */ = {isa = PBXBuildFile; fileRef = DFC9B06F2C077D290034D6B9 /* CollectionViewCell.swift */; };
		DFC9B0722C07814C0034D6B9 /* BrowseService.swift in Sources */ = {isa = PBXBuildFile; fileRef = DFC9B0712C07814C0034D6B9 /* BrowseService.swift */; };
		DFC9B0742C0781790034D6B9 /* BrowsePresenter.swift in Sources */ = {isa = PBXBuildFile; fileRef = DFC9B0732C0781790034D6B9 /* BrowsePresenter.swift */; };
		DFC9B0782C0874980034D6B9 /* BasketTableViewCell.swift in Sources */ = {isa = PBXBuildFile; fileRef = DFC9B0772C0874980034D6B9 /* BasketTableViewCell.swift */; };
		DFC9B07A2C0877FD0034D6B9 /* BasketService.swift in Sources */ = {isa = PBXBuildFile; fileRef = DFC9B0792C0877FD0034D6B9 /* BasketService.swift */; };
		DFC9B07C2C0878440034D6B9 /* BasketPresenter.swift in Sources */ = {isa = PBXBuildFile; fileRef = DFC9B07B2C0878440034D6B9 /* BasketPresenter.swift */; };
		DFC9B07E2C087A640034D6B9 /* GoogleService-Info.plist in Resources */ = {isa = PBXBuildFile; fileRef = DFC9B07D2C087A640034D6B9 /* GoogleService-Info.plist */; };
		DFC9B0812C087AE50034D6B9 /* FirebaseAuth in Frameworks */ = {isa = PBXBuildFile; productRef = DFC9B0802C087AE50034D6B9 /* FirebaseAuth */; };
		DFC9B0832C087AE50034D6B9 /* FirebaseCrashlytics in Frameworks */ = {isa = PBXBuildFile; productRef = DFC9B0822C087AE50034D6B9 /* FirebaseCrashlytics */; };
		DFC9B0852C087AE50034D6B9 /* FirebaseFirestore in Frameworks */ = {isa = PBXBuildFile; productRef = DFC9B0842C087AE50034D6B9 /* FirebaseFirestore */; };
		DFC9B0872C087AE50034D6B9 /* FirebaseStorage in Frameworks */ = {isa = PBXBuildFile; productRef = DFC9B0862C087AE50034D6B9 /* FirebaseStorage */; };
		DFC9B0892C0B20E70034D6B9 /* AuthenticationService.swift in Sources */ = {isa = PBXBuildFile; fileRef = DFC9B0882C0B20E70034D6B9 /* AuthenticationService.swift */; };
		DFC9B08B2C0B89450034D6B9 /* song.mp3 in Resources */ = {isa = PBXBuildFile; fileRef = DFC9B08A2C0B89450034D6B9 /* song.mp3 */; };
		DFC9B08F2C0B8A710034D6B9 /* first.mp3 in Resources */ = {isa = PBXBuildFile; fileRef = DFC9B08E2C0B8A700034D6B9 /* first.mp3 */; };
		DFC9B0912C0B8BF50034D6B9 /* AudioManager.swift in Sources */ = {isa = PBXBuildFile; fileRef = DFC9B0902C0B8BF50034D6B9 /* AudioManager.swift */; };
		DFC9B0CD2C0E107C0034D6B9 /* UserPresenter.swift in Sources */ = {isa = PBXBuildFile; fileRef = DFC9B0CC2C0E107C0034D6B9 /* UserPresenter.swift */; };
		DFC9B0CF2C0F4F330034D6B9 /* DeveloperTools.swift in Sources */ = {isa = PBXBuildFile; fileRef = DFC9B0CE2C0F4F330034D6B9 /* DeveloperTools.swift */; };
		DFC9B0D12C10120E0034D6B9 /* FavoritesManager.swift in Sources */ = {isa = PBXBuildFile; fileRef = DFC9B0D02C10120E0034D6B9 /* FavoritesManager.swift */; };
		DFC9B0D32C101EDC0034D6B9 /* FoodDB.swift in Sources */ = {isa = PBXBuildFile; fileRef = DFC9B0D22C101EDC0034D6B9 /* FoodDB.swift */; };
		DFFD3A5B2BF2679400AE5AF2 /* AppDelegate.swift in Sources */ = {isa = PBXBuildFile; fileRef = DFFD3A5A2BF2679400AE5AF2 /* AppDelegate.swift */; };
		DFFD3A5F2BF2679400AE5AF2 /* PreviewViewController.swift in Sources */ = {isa = PBXBuildFile; fileRef = DFFD3A5E2BF2679400AE5AF2 /* PreviewViewController.swift */; };
		DFFD3A642BF2679500AE5AF2 /* Assets.xcassets in Resources */ = {isa = PBXBuildFile; fileRef = DFFD3A632BF2679500AE5AF2 /* Assets.xcassets */; };
		DFFD3A672BF2679500AE5AF2 /* Base in Resources */ = {isa = PBXBuildFile; fileRef = DFFD3A662BF2679500AE5AF2 /* Base */; };
		DFFD3A702BF26AF000AE5AF2 /* SnapKit in Frameworks */ = {isa = PBXBuildFile; productRef = DFFD3A6F2BF26AF000AE5AF2 /* SnapKit */; };
		DFFD3A7D2BF2723800AE5AF2 /* SignViewController.swift in Sources */ = {isa = PBXBuildFile; fileRef = DFFD3A7C2BF2723800AE5AF2 /* SignViewController.swift */; };
		DFFD3A852BF279D100AE5AF2 /* Lalezar-Regular.ttf in Resources */ = {isa = PBXBuildFile; fileRef = DFFD3A7B2BF26ECE00AE5AF2 /* Lalezar-Regular.ttf */; };
		DFFD3A862BF279D100AE5AF2 /* InriaSans-Regular.otf in Resources */ = {isa = PBXBuildFile; fileRef = DFFD3A832BF2791000AE5AF2 /* InriaSans-Regular.otf */; };
		DFFD3A8B2BF34DB800AE5AF2 /* SigninView.swift in Sources */ = {isa = PBXBuildFile; fileRef = DFFD3A8A2BF34DB800AE5AF2 /* SigninView.swift */; };
		DFFD3A8D2BF34E0500AE5AF2 /* SignupView.swift in Sources */ = {isa = PBXBuildFile; fileRef = DFFD3A8C2BF34E0500AE5AF2 /* SignupView.swift */; };
		DFFD3A8F2BF36DF200AE5AF2 /* SignPresenter.swift in Sources */ = {isa = PBXBuildFile; fileRef = DFFD3A8E2BF36DF200AE5AF2 /* SignPresenter.swift */; };
		DFFD3A962BF36E5900AE5AF2 /* User.swift in Sources */ = {isa = PBXBuildFile; fileRef = DFFD3A952BF36E5900AE5AF2 /* User.swift */; };
		DFFD3A9A2BF3F2F000AE5AF2 /* TestingPresenter.swift in Sources */ = {isa = PBXBuildFile; fileRef = DFFD3A992BF3F2F000AE5AF2 /* TestingPresenter.swift */; };
		DFFD3A9D2BF3F31B00AE5AF2 /* TestingViewController.swift in Sources */ = {isa = PBXBuildFile; fileRef = DFFD3A9C2BF3F31B00AE5AF2 /* TestingViewController.swift */; };
		DFFD3A9F2BF412E900AE5AF2 /* TestingSecondViewController.swift in Sources */ = {isa = PBXBuildFile; fileRef = DFFD3A9E2BF412E900AE5AF2 /* TestingSecondViewController.swift */; };
		DFFD3AA42BF4B15D00AE5AF2 /* TestingModel.swift in Sources */ = {isa = PBXBuildFile; fileRef = DFFD3AA32BF4B15D00AE5AF2 /* TestingModel.swift */; };
		DFFD3AA72BF4E30300AE5AF2 /* TabBarController.swift in Sources */ = {isa = PBXBuildFile; fileRef = DFFD3AA62BF4E30300AE5AF2 /* TabBarController.swift */; };
		DFFD3AAA2BF4E33E00AE5AF2 /* HomeViewController.swift in Sources */ = {isa = PBXBuildFile; fileRef = DFFD3AA92BF4E33E00AE5AF2 /* HomeViewController.swift */; };
		DFFD3AB12BF4E58B00AE5AF2 /* BrowseViewController.swift in Sources */ = {isa = PBXBuildFile; fileRef = DFFD3AB02BF4E58B00AE5AF2 /* BrowseViewController.swift */; };
		DFFD3AB52BF4E64A00AE5AF2 /* BasketViewController.swift in Sources */ = {isa = PBXBuildFile; fileRef = DFFD3AB42BF4E64A00AE5AF2 /* BasketViewController.swift */; };
		DFFD3ABA2BF4E70F00AE5AF2 /* ProfileViewController.swift in Sources */ = {isa = PBXBuildFile; fileRef = DFFD3AB92BF4E70F00AE5AF2 /* ProfileViewController.swift */; };
		DFFD3ABC2BF507F100AE5AF2 /* FoodTableViewCell.swift in Sources */ = {isa = PBXBuildFile; fileRef = DFFD3ABB2BF507F100AE5AF2 /* FoodTableViewCell.swift */; };
		DFFD3ABE2BF5090F00AE5AF2 /* HomeModel.swift in Sources */ = {isa = PBXBuildFile; fileRef = DFFD3ABD2BF5090F00AE5AF2 /* HomeModel.swift */; };
		DFFD3AC02BF5094D00AE5AF2 /* HomeButtonPresenter.swift in Sources */ = {isa = PBXBuildFile; fileRef = DFFD3ABF2BF5094D00AE5AF2 /* HomeButtonPresenter.swift */; };
		DFFD3AC52BF6A25100AE5AF2 /* Kingfisher in Frameworks */ = {isa = PBXBuildFile; productRef = DFFD3AC42BF6A25100AE5AF2 /* Kingfisher */; };
		DFFD3AC72BF6B66600AE5AF2 /* FoodNetworking.swift in Sources */ = {isa = PBXBuildFile; fileRef = DFFD3AC62BF6B66600AE5AF2 /* FoodNetworking.swift */; };
/* End PBXBuildFile section */

/* Begin PBXFileReference section */
		DF1B0DBF2BF8E1BE00EDFC1A /* ProfilePresenter.swift */ = {isa = PBXFileReference; lastKnownFileType = sourcecode.swift; path = ProfilePresenter.swift; sourceTree = "<group>"; };
		DF1B0DC22BF8E1DA00EDFC1A /* ProfileModel.swift */ = {isa = PBXFileReference; lastKnownFileType = sourcecode.swift; path = ProfileModel.swift; sourceTree = "<group>"; };
		DF1B0DC82BF91D8900EDFC1A /* FaqViewController.swift */ = {isa = PBXFileReference; lastKnownFileType = sourcecode.swift; path = FaqViewController.swift; sourceTree = "<group>"; };
		DF1B0DCA2BFA305100EDFC1A /* AboutViewController.swift */ = {isa = PBXFileReference; lastKnownFileType = sourcecode.swift; path = AboutViewController.swift; sourceTree = "<group>"; };
		DF1B0DCC2BFA30C700EDFC1A /* GoalViewController.swift */ = {isa = PBXFileReference; lastKnownFileType = sourcecode.swift; path = GoalViewController.swift; sourceTree = "<group>"; };
		DF1B0DCE2BFA30EC00EDFC1A /* AdvantageViewController.swift */ = {isa = PBXFileReference; lastKnownFileType = sourcecode.swift; path = AdvantageViewController.swift; sourceTree = "<group>"; };
		DF1B0DD02BFA311200EDFC1A /* HelpViewController.swift */ = {isa = PBXFileReference; lastKnownFileType = sourcecode.swift; path = HelpViewController.swift; sourceTree = "<group>"; };
		DF1B0DD22BFA312B00EDFC1A /* CreateViewController.swift */ = {isa = PBXFileReference; lastKnownFileType = sourcecode.swift; path = CreateViewController.swift; sourceTree = "<group>"; };
		DF1B0DE12BFE460300EDFC1A /* UserViewController.swift */ = {isa = PBXFileReference; lastKnownFileType = sourcecode.swift; path = UserViewController.swift; sourceTree = "<group>"; };
		DF1B0DE42BFE472F00EDFC1A /* UserModel.swift */ = {isa = PBXFileReference; lastKnownFileType = sourcecode.swift; path = UserModel.swift; sourceTree = "<group>"; };
		DF1B0DEA2BFE50B000EDFC1A /* SettingsViewController.swift */ = {isa = PBXFileReference; lastKnownFileType = sourcecode.swift; path = SettingsViewController.swift; sourceTree = "<group>"; };
		DFC9B0652C0749020034D6B9 /* SettingsPresenter.swift */ = {isa = PBXFileReference; lastKnownFileType = sourcecode.swift; path = SettingsPresenter.swift; sourceTree = "<group>"; };
		DFC9B06B2C075B330034D6B9 /* Theme.swift */ = {isa = PBXFileReference; lastKnownFileType = sourcecode.swift; path = Theme.swift; sourceTree = "<group>"; };
		DFC9B06D2C075BE00034D6B9 /* MTUserDefaults.swift */ = {isa = PBXFileReference; lastKnownFileType = sourcecode.swift; path = MTUserDefaults.swift; sourceTree = "<group>"; };
		DFC9B06F2C077D290034D6B9 /* CollectionViewCell.swift */ = {isa = PBXFileReference; lastKnownFileType = sourcecode.swift; path = CollectionViewCell.swift; sourceTree = "<group>"; };
		DFC9B0712C07814C0034D6B9 /* BrowseService.swift */ = {isa = PBXFileReference; lastKnownFileType = sourcecode.swift; path = BrowseService.swift; sourceTree = "<group>"; };
		DFC9B0732C0781790034D6B9 /* BrowsePresenter.swift */ = {isa = PBXFileReference; lastKnownFileType = sourcecode.swift; path = BrowsePresenter.swift; sourceTree = "<group>"; };
		DFC9B0772C0874980034D6B9 /* BasketTableViewCell.swift */ = {isa = PBXFileReference; lastKnownFileType = sourcecode.swift; path = BasketTableViewCell.swift; sourceTree = "<group>"; };
		DFC9B0792C0877FD0034D6B9 /* BasketService.swift */ = {isa = PBXFileReference; lastKnownFileType = sourcecode.swift; path = BasketService.swift; sourceTree = "<group>"; };
		DFC9B07B2C0878440034D6B9 /* BasketPresenter.swift */ = {isa = PBXFileReference; lastKnownFileType = sourcecode.swift; path = BasketPresenter.swift; sourceTree = "<group>"; };
		DFC9B07D2C087A640034D6B9 /* GoogleService-Info.plist */ = {isa = PBXFileReference; fileEncoding = 4; lastKnownFileType = text.plist.xml; path = "GoogleService-Info.plist"; sourceTree = "<group>"; };
		DFC9B0882C0B20E70034D6B9 /* AuthenticationService.swift */ = {isa = PBXFileReference; lastKnownFileType = sourcecode.swift; path = AuthenticationService.swift; sourceTree = "<group>"; };
		DFC9B08A2C0B89450034D6B9 /* song.mp3 */ = {isa = PBXFileReference; lastKnownFileType = audio.mp3; path = song.mp3; sourceTree = "<group>"; };
		DFC9B08E2C0B8A700034D6B9 /* first.mp3 */ = {isa = PBXFileReference; lastKnownFileType = audio.mp3; path = first.mp3; sourceTree = "<group>"; };
		DFC9B0902C0B8BF50034D6B9 /* AudioManager.swift */ = {isa = PBXFileReference; lastKnownFileType = sourcecode.swift; path = AudioManager.swift; sourceTree = "<group>"; };
		DFC9B0CC2C0E107C0034D6B9 /* UserPresenter.swift */ = {isa = PBXFileReference; lastKnownFileType = sourcecode.swift; path = UserPresenter.swift; sourceTree = "<group>"; };
		DFC9B0CE2C0F4F330034D6B9 /* DeveloperTools.swift */ = {isa = PBXFileReference; lastKnownFileType = sourcecode.swift; path = DeveloperTools.swift; sourceTree = "<group>"; };
		DFC9B0D02C10120E0034D6B9 /* FavoritesManager.swift */ = {isa = PBXFileReference; lastKnownFileType = sourcecode.swift; path = FavoritesManager.swift; sourceTree = "<group>"; };
		DFC9B0D22C101EDC0034D6B9 /* FoodDB.swift */ = {isa = PBXFileReference; lastKnownFileType = sourcecode.swift; path = FoodDB.swift; sourceTree = "<group>"; };
		DFFD3A572BF2679400AE5AF2 /* MarketApp.app */ = {isa = PBXFileReference; explicitFileType = wrapper.application; includeInIndex = 0; path = MarketApp.app; sourceTree = BUILT_PRODUCTS_DIR; };
		DFFD3A5A2BF2679400AE5AF2 /* AppDelegate.swift */ = {isa = PBXFileReference; lastKnownFileType = sourcecode.swift; path = AppDelegate.swift; sourceTree = "<group>"; };
		DFFD3A5E2BF2679400AE5AF2 /* PreviewViewController.swift */ = {isa = PBXFileReference; lastKnownFileType = sourcecode.swift; path = PreviewViewController.swift; sourceTree = "<group>"; };
		DFFD3A632BF2679500AE5AF2 /* Assets.xcassets */ = {isa = PBXFileReference; lastKnownFileType = folder.assetcatalog; path = Assets.xcassets; sourceTree = "<group>"; };
		DFFD3A662BF2679500AE5AF2 /* Base */ = {isa = PBXFileReference; lastKnownFileType = file.storyboard; name = Base; path = Base.lproj/LaunchScreen.storyboard; sourceTree = "<group>"; };
		DFFD3A682BF2679500AE5AF2 /* Info.plist */ = {isa = PBXFileReference; lastKnownFileType = text.plist.xml; path = Info.plist; sourceTree = "<group>"; };
		DFFD3A7B2BF26ECE00AE5AF2 /* Lalezar-Regular.ttf */ = {isa = PBXFileReference; lastKnownFileType = file; path = "Lalezar-Regular.ttf"; sourceTree = "<group>"; };
		DFFD3A7C2BF2723800AE5AF2 /* SignViewController.swift */ = {isa = PBXFileReference; lastKnownFileType = sourcecode.swift; path = SignViewController.swift; sourceTree = "<group>"; };
		DFFD3A832BF2791000AE5AF2 /* InriaSans-Regular.otf */ = {isa = PBXFileReference; lastKnownFileType = file; path = "InriaSans-Regular.otf"; sourceTree = "<group>"; };
		DFFD3A8A2BF34DB800AE5AF2 /* SigninView.swift */ = {isa = PBXFileReference; lastKnownFileType = sourcecode.swift; path = SigninView.swift; sourceTree = "<group>"; };
		DFFD3A8C2BF34E0500AE5AF2 /* SignupView.swift */ = {isa = PBXFileReference; lastKnownFileType = sourcecode.swift; path = SignupView.swift; sourceTree = "<group>"; };
		DFFD3A8E2BF36DF200AE5AF2 /* SignPresenter.swift */ = {isa = PBXFileReference; lastKnownFileType = sourcecode.swift; path = SignPresenter.swift; sourceTree = "<group>"; };
		DFFD3A952BF36E5900AE5AF2 /* User.swift */ = {isa = PBXFileReference; lastKnownFileType = sourcecode.swift; path = User.swift; sourceTree = "<group>"; };
		DFFD3A992BF3F2F000AE5AF2 /* TestingPresenter.swift */ = {isa = PBXFileReference; lastKnownFileType = sourcecode.swift; path = TestingPresenter.swift; sourceTree = "<group>"; };
		DFFD3A9C2BF3F31B00AE5AF2 /* TestingViewController.swift */ = {isa = PBXFileReference; lastKnownFileType = sourcecode.swift; path = TestingViewController.swift; sourceTree = "<group>"; };
		DFFD3A9E2BF412E900AE5AF2 /* TestingSecondViewController.swift */ = {isa = PBXFileReference; lastKnownFileType = sourcecode.swift; path = TestingSecondViewController.swift; sourceTree = "<group>"; };
		DFFD3AA32BF4B15D00AE5AF2 /* TestingModel.swift */ = {isa = PBXFileReference; lastKnownFileType = sourcecode.swift; path = TestingModel.swift; sourceTree = "<group>"; };
		DFFD3AA62BF4E30300AE5AF2 /* TabBarController.swift */ = {isa = PBXFileReference; lastKnownFileType = sourcecode.swift; path = TabBarController.swift; sourceTree = "<group>"; };
		DFFD3AA92BF4E33E00AE5AF2 /* HomeViewController.swift */ = {isa = PBXFileReference; lastKnownFileType = sourcecode.swift; path = HomeViewController.swift; sourceTree = "<group>"; };
		DFFD3AB02BF4E58B00AE5AF2 /* BrowseViewController.swift */ = {isa = PBXFileReference; lastKnownFileType = sourcecode.swift; path = BrowseViewController.swift; sourceTree = "<group>"; };
		DFFD3AB42BF4E64A00AE5AF2 /* BasketViewController.swift */ = {isa = PBXFileReference; lastKnownFileType = sourcecode.swift; path = BasketViewController.swift; sourceTree = "<group>"; };
		DFFD3AB92BF4E70F00AE5AF2 /* ProfileViewController.swift */ = {isa = PBXFileReference; lastKnownFileType = sourcecode.swift; path = ProfileViewController.swift; sourceTree = "<group>"; };
		DFFD3ABB2BF507F100AE5AF2 /* FoodTableViewCell.swift */ = {isa = PBXFileReference; lastKnownFileType = sourcecode.swift; path = FoodTableViewCell.swift; sourceTree = "<group>"; };
		DFFD3ABD2BF5090F00AE5AF2 /* HomeModel.swift */ = {isa = PBXFileReference; lastKnownFileType = sourcecode.swift; path = HomeModel.swift; sourceTree = "<group>"; };
		DFFD3ABF2BF5094D00AE5AF2 /* HomeButtonPresenter.swift */ = {isa = PBXFileReference; lastKnownFileType = sourcecode.swift; path = HomeButtonPresenter.swift; sourceTree = "<group>"; };
		DFFD3AC62BF6B66600AE5AF2 /* FoodNetworking.swift */ = {isa = PBXFileReference; lastKnownFileType = sourcecode.swift; path = FoodNetworking.swift; sourceTree = "<group>"; };
/* End PBXFileReference section */

/* Begin PBXFrameworksBuildPhase section */
		DFFD3A542BF2679400AE5AF2 /* Frameworks */ = {
			isa = PBXFrameworksBuildPhase;
			buildActionMask = 2147483647;
			files = (
				DFFD3AC52BF6A25100AE5AF2 /* Kingfisher in Frameworks */,
				DFC9B0832C087AE50034D6B9 /* FirebaseCrashlytics in Frameworks */,
				DFC9B0812C087AE50034D6B9 /* FirebaseAuth in Frameworks */,
				DFC9B0852C087AE50034D6B9 /* FirebaseFirestore in Frameworks */,
				DFFD3A702BF26AF000AE5AF2 /* SnapKit in Frameworks */,
				DFC9B0872C087AE50034D6B9 /* FirebaseStorage in Frameworks */,
			);
			runOnlyForDeploymentPostprocessing = 0;
		};
/* End PBXFrameworksBuildPhase section */

/* Begin PBXGroup section */
		DF1B0DBE2BF8E1A900EDFC1A /* ProfilePresenter */ = {
			isa = PBXGroup;
			children = (
				DF1B0DBF2BF8E1BE00EDFC1A /* ProfilePresenter.swift */,
			);
			path = ProfilePresenter;
			sourceTree = "<group>";
		};
		DF1B0DC12BF8E1CC00EDFC1A /* ProfileModel */ = {
			isa = PBXGroup;
			children = (
				DF1B0DC22BF8E1DA00EDFC1A /* ProfileModel.swift */,
			);
			path = ProfileModel;
			sourceTree = "<group>";
		};
		DF1B0DC42BF9170000EDFC1A /* Faq */ = {
			isa = PBXGroup;
			children = (
				DF1B0DC72BF9172500EDFC1A /* FAQView */,
			);
			path = Faq;
			sourceTree = "<group>";
		};
		DF1B0DC72BF9172500EDFC1A /* FAQView */ = {
			isa = PBXGroup;
			children = (
				DF1B0DC82BF91D8900EDFC1A /* FaqViewController.swift */,
				DF1B0DCA2BFA305100EDFC1A /* AboutViewController.swift */,
				DF1B0DCC2BFA30C700EDFC1A /* GoalViewController.swift */,
				DF1B0DCE2BFA30EC00EDFC1A /* AdvantageViewController.swift */,
				DF1B0DD02BFA311200EDFC1A /* HelpViewController.swift */,
				DF1B0DD22BFA312B00EDFC1A /* CreateViewController.swift */,
			);
			path = FAQView;
			sourceTree = "<group>";
		};
		DF1B0DDF2BFE45C300EDFC1A /* UserView */ = {
			isa = PBXGroup;
			children = (
				DF1B0DE12BFE460300EDFC1A /* UserViewController.swift */,
			);
			path = UserView;
			sourceTree = "<group>";
		};
		DF1B0DE02BFE45EA00EDFC1A /* UserPresenter */ = {
			isa = PBXGroup;
			children = (
				DFC9B0CC2C0E107C0034D6B9 /* UserPresenter.swift */,
			);
			path = UserPresenter;
			sourceTree = "<group>";
		};
		DF1B0DE32BFE471C00EDFC1A /* UserModel */ = {
			isa = PBXGroup;
			children = (
				DF1B0DE42BFE472F00EDFC1A /* UserModel.swift */,
			);
			path = UserModel;
			sourceTree = "<group>";
		};
		DF1B0DE62BFE501400EDFC1A /* User */ = {
			isa = PBXGroup;
			children = (
				DF1B0DDF2BFE45C300EDFC1A /* UserView */,
				DF1B0DE02BFE45EA00EDFC1A /* UserPresenter */,
				DF1B0DE32BFE471C00EDFC1A /* UserModel */,
			);
			path = User;
			sourceTree = "<group>";
		};
		DF1B0DE72BFE502900EDFC1A /* Settings */ = {
			isa = PBXGroup;
			children = (
				DF1B0DE92BFE503A00EDFC1A /* SettingsPresenter */,
				DF1B0DE82BFE503200EDFC1A /* SettingsView */,
				DFC9B06B2C075B330034D6B9 /* Theme.swift */,
				DFC9B06D2C075BE00034D6B9 /* MTUserDefaults.swift */,
				DFC9B0902C0B8BF50034D6B9 /* AudioManager.swift */,
			);
			path = Settings;
			sourceTree = "<group>";
		};
		DF1B0DE82BFE503200EDFC1A /* SettingsView */ = {
			isa = PBXGroup;
			children = (
				DF1B0DEA2BFE50B000EDFC1A /* SettingsViewController.swift */,
			);
			path = SettingsView;
			sourceTree = "<group>";
		};
		DF1B0DE92BFE503A00EDFC1A /* SettingsPresenter */ = {
			isa = PBXGroup;
			children = (
				DFC9B0652C0749020034D6B9 /* SettingsPresenter.swift */,
			);
			path = SettingsPresenter;
			sourceTree = "<group>";
		};
		DFC9B0632C0745ED0034D6B9 /* Sounds */ = {
			isa = PBXGroup;
			children = (
				DFC9B08E2C0B8A700034D6B9 /* first.mp3 */,
				DFC9B08A2C0B89450034D6B9 /* song.mp3 */,
			);
			path = Sounds;
			sourceTree = "<group>";
		};
		DFFD3A4E2BF2679400AE5AF2 = {
			isa = PBXGroup;
			children = (
				DFFD3A592BF2679400AE5AF2 /* MarketApp */,
				DFC9B0632C0745ED0034D6B9 /* Sounds */,
				DFFD3A582BF2679400AE5AF2 /* Products */,
			);
			sourceTree = "<group>";
		};
		DFFD3A582BF2679400AE5AF2 /* Products */ = {
			isa = PBXGroup;
			children = (
				DFFD3A572BF2679400AE5AF2 /* MarketApp.app */,
			);
			name = Products;
			sourceTree = "<group>";
		};
		DFFD3A592BF2679400AE5AF2 /* MarketApp */ = {
			isa = PBXGroup;
			children = (
				DFFD3AA52BF4E2D400AE5AF2 /* MainVC */,
				DFFD3A5A2BF2679400AE5AF2 /* AppDelegate.swift */,
				DFFD3A5E2BF2679400AE5AF2 /* PreviewViewController.swift */,
				DFFD3A972BF3F1E400AE5AF2 /* Testing */,
				DFFD3A892BF349B700AE5AF2 /* Login */,
				DFFD3A632BF2679500AE5AF2 /* Assets.xcassets */,
				DFFD3A652BF2679500AE5AF2 /* LaunchScreen.storyboard */,
				DFFD3A682BF2679500AE5AF2 /* Info.plist */,
				DFC9B07D2C087A640034D6B9 /* GoogleService-Info.plist */,
				DFFD3A792BF26EC100AE5AF2 /* Fonts */,
				DFC9B0CE2C0F4F330034D6B9 /* DeveloperTools.swift */,
			);
			path = MarketApp;
			sourceTree = "<group>";
		};
		DFFD3A792BF26EC100AE5AF2 /* Fonts */ = {
			isa = PBXGroup;
			children = (
				DFFD3A7B2BF26ECE00AE5AF2 /* Lalezar-Regular.ttf */,
				DFFD3A832BF2791000AE5AF2 /* InriaSans-Regular.otf */,
			);
			path = Fonts;
			sourceTree = "<group>";
		};
		DFFD3A892BF349B700AE5AF2 /* Login */ = {
			isa = PBXGroup;
			children = (
				DFFD3A942BF36E3C00AE5AF2 /* Model */,
				DFFD3A902BF36DF800AE5AF2 /* Presenter */,
				DFFD3A922BF36E1D00AE5AF2 /* Views */,
				DFFD3A912BF36E0B00AE5AF2 /* CustomView */,
				DFC9B0882C0B20E70034D6B9 /* AuthenticationService.swift */,
			);
			path = Login;
			sourceTree = "<group>";
		};
		DFFD3A902BF36DF800AE5AF2 /* Presenter */ = {
			isa = PBXGroup;
			children = (
				DFFD3A8E2BF36DF200AE5AF2 /* SignPresenter.swift */,
			);
			path = Presenter;
			sourceTree = "<group>";
		};
		DFFD3A912BF36E0B00AE5AF2 /* CustomView */ = {
			isa = PBXGroup;
			children = (
				DFFD3A8A2BF34DB800AE5AF2 /* SigninView.swift */,
				DFFD3A8C2BF34E0500AE5AF2 /* SignupView.swift */,
			);
			path = CustomView;
			sourceTree = "<group>";
		};
		DFFD3A922BF36E1D00AE5AF2 /* Views */ = {
			isa = PBXGroup;
			children = (
				DFFD3A7C2BF2723800AE5AF2 /* SignViewController.swift */,
			);
			path = Views;
			sourceTree = "<group>";
		};
		DFFD3A942BF36E3C00AE5AF2 /* Model */ = {
			isa = PBXGroup;
			children = (
				DFFD3A952BF36E5900AE5AF2 /* User.swift */,
			);
			path = Model;
			sourceTree = "<group>";
		};
		DFFD3A972BF3F1E400AE5AF2 /* Testing */ = {
			isa = PBXGroup;
			children = (
				DFFD3AA22BF4B14700AE5AF2 /* TestingModel */,
				DFFD3A9B2BF3F2FD00AE5AF2 /* TestingView */,
				DFFD3A982BF3F2C400AE5AF2 /* TestingPresenter */,
			);
			path = Testing;
			sourceTree = "<group>";
		};
		DFFD3A982BF3F2C400AE5AF2 /* TestingPresenter */ = {
			isa = PBXGroup;
			children = (
				DFFD3A992BF3F2F000AE5AF2 /* TestingPresenter.swift */,
			);
			path = TestingPresenter;
			sourceTree = "<group>";
		};
		DFFD3A9B2BF3F2FD00AE5AF2 /* TestingView */ = {
			isa = PBXGroup;
			children = (
				DFFD3A9C2BF3F31B00AE5AF2 /* TestingViewController.swift */,
				DFFD3A9E2BF412E900AE5AF2 /* TestingSecondViewController.swift */,
			);
			path = TestingView;
			sourceTree = "<group>";
		};
		DFFD3AA22BF4B14700AE5AF2 /* TestingModel */ = {
			isa = PBXGroup;
			children = (
				DFFD3AA32BF4B15D00AE5AF2 /* TestingModel.swift */,
			);
			path = TestingModel;
			sourceTree = "<group>";
		};
		DFFD3AA52BF4E2D400AE5AF2 /* MainVC */ = {
			isa = PBXGroup;
			children = (
				DFFD3AA62BF4E30300AE5AF2 /* TabBarController.swift */,
				DFFD3AB62BF4E6DE00AE5AF2 /* Profile */,
				DFFD3AB22BF4E62E00AE5AF2 /* Basket */,
				DFFD3AAE2BF4E4D400AE5AF2 /* Browse */,
				DFFD3AA82BF4E31000AE5AF2 /* Home */,
			);
			path = MainVC;
			sourceTree = "<group>";
		};
		DFFD3AA82BF4E31000AE5AF2 /* Home */ = {
			isa = PBXGroup;
			children = (
				DFFD3AAD2BF4E4BD00AE5AF2 /* HomeModel */,
				DFFD3AAC2BF4E4B300AE5AF2 /* HomePresenter */,
				DFFD3AAB2BF4E49F00AE5AF2 /* HomeView */,
				DFFD3AC62BF6B66600AE5AF2 /* FoodNetworking.swift */,
				DFC9B0D02C10120E0034D6B9 /* FavoritesManager.swift */,
				DFC9B0D22C101EDC0034D6B9 /* FoodDB.swift */,
			);
			path = Home;
			sourceTree = "<group>";
		};
		DFFD3AAB2BF4E49F00AE5AF2 /* HomeView */ = {
			isa = PBXGroup;
			children = (
				DFFD3AA92BF4E33E00AE5AF2 /* HomeViewController.swift */,
				DFFD3ABB2BF507F100AE5AF2 /* FoodTableViewCell.swift */,
			);
			path = HomeView;
			sourceTree = "<group>";
		};
		DFFD3AAC2BF4E4B300AE5AF2 /* HomePresenter */ = {
			isa = PBXGroup;
			children = (
				DFFD3ABF2BF5094D00AE5AF2 /* HomeButtonPresenter.swift */,
			);
			path = HomePresenter;
			sourceTree = "<group>";
		};
		DFFD3AAD2BF4E4BD00AE5AF2 /* HomeModel */ = {
			isa = PBXGroup;
			children = (
				DFFD3ABD2BF5090F00AE5AF2 /* HomeModel.swift */,
			);
			path = HomeModel;
			sourceTree = "<group>";
		};
		DFFD3AAE2BF4E4D400AE5AF2 /* Browse */ = {
			isa = PBXGroup;
			children = (
				DFFD3AAF2BF4E57900AE5AF2 /* BrowseView */,
				DFC9B0712C07814C0034D6B9 /* BrowseService.swift */,
				DFC9B0732C0781790034D6B9 /* BrowsePresenter.swift */,
			);
			path = Browse;
			sourceTree = "<group>";
		};
		DFFD3AAF2BF4E57900AE5AF2 /* BrowseView */ = {
			isa = PBXGroup;
			children = (
				DFFD3AB02BF4E58B00AE5AF2 /* BrowseViewController.swift */,
				DFC9B06F2C077D290034D6B9 /* CollectionViewCell.swift */,
			);
			path = BrowseView;
			sourceTree = "<group>";
		};
		DFFD3AB22BF4E62E00AE5AF2 /* Basket */ = {
			isa = PBXGroup;
			children = (
				DFFD3AB32BF4E63700AE5AF2 /* BasketView */,
				DFC9B0792C0877FD0034D6B9 /* BasketService.swift */,
				DFC9B07B2C0878440034D6B9 /* BasketPresenter.swift */,
			);
			path = Basket;
			sourceTree = "<group>";
		};
		DFFD3AB32BF4E63700AE5AF2 /* BasketView */ = {
			isa = PBXGroup;
			children = (
				DFFD3AB42BF4E64A00AE5AF2 /* BasketViewController.swift */,
				DFC9B0772C0874980034D6B9 /* BasketTableViewCell.swift */,
			);
			path = BasketView;
			sourceTree = "<group>";
		};
		DFFD3AB62BF4E6DE00AE5AF2 /* Profile */ = {
			isa = PBXGroup;
			children = (
				DF1B0DE72BFE502900EDFC1A /* Settings */,
				DF1B0DE62BFE501400EDFC1A /* User */,
				DF1B0DC42BF9170000EDFC1A /* Faq */,
				DF1B0DC12BF8E1CC00EDFC1A /* ProfileModel */,
				DF1B0DBE2BF8E1A900EDFC1A /* ProfilePresenter */,
				DFFD3AB82BF4E6F900AE5AF2 /* ProfileView */,
			);
			path = Profile;
			sourceTree = "<group>";
		};
		DFFD3AB82BF4E6F900AE5AF2 /* ProfileView */ = {
			isa = PBXGroup;
			children = (
				DFFD3AB92BF4E70F00AE5AF2 /* ProfileViewController.swift */,
			);
			path = ProfileView;
			sourceTree = "<group>";
		};
/* End PBXGroup section */

/* Begin PBXNativeTarget section */
		DFFD3A562BF2679400AE5AF2 /* MarketApp */ = {
			isa = PBXNativeTarget;
			buildConfigurationList = DFFD3A6B2BF2679500AE5AF2 /* Build configuration list for PBXNativeTarget "MarketApp" */;
			buildPhases = (
				DFFD3A532BF2679400AE5AF2 /* Sources */,
				DFFD3A542BF2679400AE5AF2 /* Frameworks */,
				DFFD3A552BF2679400AE5AF2 /* Resources */,
			);
			buildRules = (
			);
			dependencies = (
			);
			name = MarketApp;
			packageProductDependencies = (
				DFFD3A6F2BF26AF000AE5AF2 /* SnapKit */,
				DFFD3AC42BF6A25100AE5AF2 /* Kingfisher */,
				DFC9B0802C087AE50034D6B9 /* FirebaseAuth */,
				DFC9B0822C087AE50034D6B9 /* FirebaseCrashlytics */,
				DFC9B0842C087AE50034D6B9 /* FirebaseFirestore */,
				DFC9B0862C087AE50034D6B9 /* FirebaseStorage */,
			);
			productName = MarketApp;
			productReference = DFFD3A572BF2679400AE5AF2 /* MarketApp.app */;
			productType = "com.apple.product-type.application";
		};
/* End PBXNativeTarget section */

/* Begin PBXProject section */
		DFFD3A4F2BF2679400AE5AF2 /* Project object */ = {
			isa = PBXProject;
			attributes = {
				BuildIndependentTargetsInParallel = 1;
				LastSwiftUpdateCheck = 1530;
				LastUpgradeCheck = 1530;
				TargetAttributes = {
					DFFD3A562BF2679400AE5AF2 = {
						CreatedOnToolsVersion = 15.3;
					};
				};
			};
			buildConfigurationList = DFFD3A522BF2679400AE5AF2 /* Build configuration list for PBXProject "MarketApp" */;
			compatibilityVersion = "Xcode 14.0";
			developmentRegion = en;
			hasScannedForEncodings = 0;
			knownRegions = (
				en,
				Base,
			);
			mainGroup = DFFD3A4E2BF2679400AE5AF2;
			packageReferences = (
				DFFD3A6E2BF26AF000AE5AF2 /* XCRemoteSwiftPackageReference "SnapKit" */,
				DFFD3AC32BF6A25100AE5AF2 /* XCRemoteSwiftPackageReference "Kingfisher" */,
				DFC9B07F2C087AB80034D6B9 /* XCRemoteSwiftPackageReference "firebase-ios-sdk" */,
			);
			productRefGroup = DFFD3A582BF2679400AE5AF2 /* Products */;
			projectDirPath = "";
			projectRoot = "";
			targets = (
				DFFD3A562BF2679400AE5AF2 /* MarketApp */,
			);
		};
/* End PBXProject section */

/* Begin PBXResourcesBuildPhase section */
		DFFD3A552BF2679400AE5AF2 /* Resources */ = {
			isa = PBXResourcesBuildPhase;
			buildActionMask = 2147483647;
			files = (
				DFFD3A852BF279D100AE5AF2 /* Lalezar-Regular.ttf in Resources */,
				DFFD3A862BF279D100AE5AF2 /* InriaSans-Regular.otf in Resources */,
				DFFD3A642BF2679500AE5AF2 /* Assets.xcassets in Resources */,
				DFC9B08B2C0B89450034D6B9 /* song.mp3 in Resources */,
				DFC9B07E2C087A640034D6B9 /* GoogleService-Info.plist in Resources */,
				DFFD3A672BF2679500AE5AF2 /* Base in Resources */,
				DFC9B08F2C0B8A710034D6B9 /* first.mp3 in Resources */,
			);
			runOnlyForDeploymentPostprocessing = 0;
		};
/* End PBXResourcesBuildPhase section */

/* Begin PBXSourcesBuildPhase section */
		DFFD3A532BF2679400AE5AF2 /* Sources */ = {
			isa = PBXSourcesBuildPhase;
			buildActionMask = 2147483647;
			files = (
				DFFD3AB52BF4E64A00AE5AF2 /* BasketViewController.swift in Sources */,
				DF1B0DCD2BFA30C700EDFC1A /* GoalViewController.swift in Sources */,
				DFC9B0702C077D290034D6B9 /* CollectionViewCell.swift in Sources */,
				DFC9B0D32C101EDC0034D6B9 /* FoodDB.swift in Sources */,
				DFFD3A5F2BF2679400AE5AF2 /* PreviewViewController.swift in Sources */,
				DFFD3ABE2BF5090F00AE5AF2 /* HomeModel.swift in Sources */,
				DFC9B0722C07814C0034D6B9 /* BrowseService.swift in Sources */,
				DF1B0DC32BF8E1DA00EDFC1A /* ProfileModel.swift in Sources */,
				DFFD3A9F2BF412E900AE5AF2 /* TestingSecondViewController.swift in Sources */,
				DFFD3A7D2BF2723800AE5AF2 /* SignViewController.swift in Sources */,
				DF1B0DCB2BFA305100EDFC1A /* AboutViewController.swift in Sources */,
				DFC9B0CF2C0F4F330034D6B9 /* DeveloperTools.swift in Sources */,
				DFC9B0742C0781790034D6B9 /* BrowsePresenter.swift in Sources */,
				DFFD3AA42BF4B15D00AE5AF2 /* TestingModel.swift in Sources */,
				DFFD3A8B2BF34DB800AE5AF2 /* SigninView.swift in Sources */,
				DFFD3ABA2BF4E70F00AE5AF2 /* ProfileViewController.swift in Sources */,
				DFFD3A9D2BF3F31B00AE5AF2 /* TestingViewController.swift in Sources */,
				DFC9B0D12C10120E0034D6B9 /* FavoritesManager.swift in Sources */,
				DF1B0DCF2BFA30EC00EDFC1A /* AdvantageViewController.swift in Sources */,
				DF1B0DD12BFA311200EDFC1A /* HelpViewController.swift in Sources */,
				DFC9B07A2C0877FD0034D6B9 /* BasketService.swift in Sources */,
				DFFD3AC02BF5094D00AE5AF2 /* HomeButtonPresenter.swift in Sources */,
				DFFD3AB12BF4E58B00AE5AF2 /* BrowseViewController.swift in Sources */,
				DF1B0DD32BFA312B00EDFC1A /* CreateViewController.swift in Sources */,
				DFFD3A5B2BF2679400AE5AF2 /* AppDelegate.swift in Sources */,
				DFC9B07C2C0878440034D6B9 /* BasketPresenter.swift in Sources */,
				DFFD3A8D2BF34E0500AE5AF2 /* SignupView.swift in Sources */,
				DF1B0DE22BFE460300EDFC1A /* UserViewController.swift in Sources */,
				DF1B0DEB2BFE50B000EDFC1A /* SettingsViewController.swift in Sources */,
				DFC9B0892C0B20E70034D6B9 /* AuthenticationService.swift in Sources */,
				DFFD3A8F2BF36DF200AE5AF2 /* SignPresenter.swift in Sources */,
				DFFD3AA72BF4E30300AE5AF2 /* TabBarController.swift in Sources */,
				DFFD3A962BF36E5900AE5AF2 /* User.swift in Sources */,
				DFC9B0782C0874980034D6B9 /* BasketTableViewCell.swift in Sources */,
				DF1B0DC92BF91D8900EDFC1A /* FaqViewController.swift in Sources */,
				DFFD3AAA2BF4E33E00AE5AF2 /* HomeViewController.swift in Sources */,
				DF1B0DC02BF8E1BE00EDFC1A /* ProfilePresenter.swift in Sources */,
				DFFD3ABC2BF507F100AE5AF2 /* FoodTableViewCell.swift in Sources */,
				DFC9B0662C0749020034D6B9 /* SettingsPresenter.swift in Sources */,
				DFC9B0912C0B8BF50034D6B9 /* AudioManager.swift in Sources */,
				DFFD3A9A2BF3F2F000AE5AF2 /* TestingPresenter.swift in Sources */,
				DF1B0DE52BFE472F00EDFC1A /* UserModel.swift in Sources */,
				DFC9B06E2C075BE00034D6B9 /* MTUserDefaults.swift in Sources */,
				DFC9B0CD2C0E107C0034D6B9 /* UserPresenter.swift in Sources */,
				DFFD3AC72BF6B66600AE5AF2 /* FoodNetworking.swift in Sources */,
				DFC9B06C2C075B330034D6B9 /* Theme.swift in Sources */,
			);
			runOnlyForDeploymentPostprocessing = 0;
		};
/* End PBXSourcesBuildPhase section */

/* Begin PBXVariantGroup section */
		DFFD3A652BF2679500AE5AF2 /* LaunchScreen.storyboard */ = {
			isa = PBXVariantGroup;
			children = (
				DFFD3A662BF2679500AE5AF2 /* Base */,
			);
			name = LaunchScreen.storyboard;
			sourceTree = "<group>";
		};
/* End PBXVariantGroup section */

/* Begin XCBuildConfiguration section */
		DFFD3A692BF2679500AE5AF2 /* Debug */ = {
			isa = XCBuildConfiguration;
			buildSettings = {
				ALWAYS_SEARCH_USER_PATHS = NO;
				ASSETCATALOG_COMPILER_GENERATE_SWIFT_ASSET_SYMBOL_EXTENSIONS = YES;
				CLANG_ANALYZER_NONNULL = YES;
				CLANG_ANALYZER_NUMBER_OBJECT_CONVERSION = YES_AGGRESSIVE;
				CLANG_CXX_LANGUAGE_STANDARD = "gnu++20";
				CLANG_ENABLE_MODULES = YES;
				CLANG_ENABLE_OBJC_ARC = YES;
				CLANG_ENABLE_OBJC_WEAK = YES;
				CLANG_WARN_BLOCK_CAPTURE_AUTORELEASING = YES;
				CLANG_WARN_BOOL_CONVERSION = YES;
				CLANG_WARN_COMMA = YES;
				CLANG_WARN_CONSTANT_CONVERSION = YES;
				CLANG_WARN_DEPRECATED_OBJC_IMPLEMENTATIONS = YES;
				CLANG_WARN_DIRECT_OBJC_ISA_USAGE = YES_ERROR;
				CLANG_WARN_DOCUMENTATION_COMMENTS = YES;
				CLANG_WARN_EMPTY_BODY = YES;
				CLANG_WARN_ENUM_CONVERSION = YES;
				CLANG_WARN_INFINITE_RECURSION = YES;
				CLANG_WARN_INT_CONVERSION = YES;
				CLANG_WARN_NON_LITERAL_NULL_CONVERSION = YES;
				CLANG_WARN_OBJC_IMPLICIT_RETAIN_SELF = YES;
				CLANG_WARN_OBJC_LITERAL_CONVERSION = YES;
				CLANG_WARN_OBJC_ROOT_CLASS = YES_ERROR;
				CLANG_WARN_QUOTED_INCLUDE_IN_FRAMEWORK_HEADER = YES;
				CLANG_WARN_RANGE_LOOP_ANALYSIS = YES;
				CLANG_WARN_STRICT_PROTOTYPES = YES;
				CLANG_WARN_SUSPICIOUS_MOVE = YES;
				CLANG_WARN_UNGUARDED_AVAILABILITY = YES_AGGRESSIVE;
				CLANG_WARN_UNREACHABLE_CODE = YES;
				CLANG_WARN__DUPLICATE_METHOD_MATCH = YES;
				COPY_PHASE_STRIP = NO;
				DEBUG_INFORMATION_FORMAT = dwarf;
				ENABLE_STRICT_OBJC_MSGSEND = YES;
				ENABLE_TESTABILITY = YES;
				ENABLE_USER_SCRIPT_SANDBOXING = YES;
				GCC_C_LANGUAGE_STANDARD = gnu17;
				GCC_DYNAMIC_NO_PIC = NO;
				GCC_NO_COMMON_BLOCKS = YES;
				GCC_OPTIMIZATION_LEVEL = 0;
				GCC_PREPROCESSOR_DEFINITIONS = (
					"DEBUG=1",
					"$(inherited)",
				);
				GCC_WARN_64_TO_32_BIT_CONVERSION = YES;
				GCC_WARN_ABOUT_RETURN_TYPE = YES_ERROR;
				GCC_WARN_UNDECLARED_SELECTOR = YES;
				GCC_WARN_UNINITIALIZED_AUTOS = YES_AGGRESSIVE;
				GCC_WARN_UNUSED_FUNCTION = YES;
				GCC_WARN_UNUSED_VARIABLE = YES;
				IPHONEOS_DEPLOYMENT_TARGET = 17.4;
				LOCALIZATION_PREFERS_STRING_CATALOGS = YES;
				MTL_ENABLE_DEBUG_INFO = INCLUDE_SOURCE;
				MTL_FAST_MATH = YES;
				ONLY_ACTIVE_ARCH = YES;
				SDKROOT = iphoneos;
				SWIFT_ACTIVE_COMPILATION_CONDITIONS = "DEBUG $(inherited)";
				SWIFT_OPTIMIZATION_LEVEL = "-Onone";
			};
			name = Debug;
		};
		DFFD3A6A2BF2679500AE5AF2 /* Release */ = {
			isa = XCBuildConfiguration;
			buildSettings = {
				ALWAYS_SEARCH_USER_PATHS = NO;
				ASSETCATALOG_COMPILER_GENERATE_SWIFT_ASSET_SYMBOL_EXTENSIONS = YES;
				CLANG_ANALYZER_NONNULL = YES;
				CLANG_ANALYZER_NUMBER_OBJECT_CONVERSION = YES_AGGRESSIVE;
				CLANG_CXX_LANGUAGE_STANDARD = "gnu++20";
				CLANG_ENABLE_MODULES = YES;
				CLANG_ENABLE_OBJC_ARC = YES;
				CLANG_ENABLE_OBJC_WEAK = YES;
				CLANG_WARN_BLOCK_CAPTURE_AUTORELEASING = YES;
				CLANG_WARN_BOOL_CONVERSION = YES;
				CLANG_WARN_COMMA = YES;
				CLANG_WARN_CONSTANT_CONVERSION = YES;
				CLANG_WARN_DEPRECATED_OBJC_IMPLEMENTATIONS = YES;
				CLANG_WARN_DIRECT_OBJC_ISA_USAGE = YES_ERROR;
				CLANG_WARN_DOCUMENTATION_COMMENTS = YES;
				CLANG_WARN_EMPTY_BODY = YES;
				CLANG_WARN_ENUM_CONVERSION = YES;
				CLANG_WARN_INFINITE_RECURSION = YES;
				CLANG_WARN_INT_CONVERSION = YES;
				CLANG_WARN_NON_LITERAL_NULL_CONVERSION = YES;
				CLANG_WARN_OBJC_IMPLICIT_RETAIN_SELF = YES;
				CLANG_WARN_OBJC_LITERAL_CONVERSION = YES;
				CLANG_WARN_OBJC_ROOT_CLASS = YES_ERROR;
				CLANG_WARN_QUOTED_INCLUDE_IN_FRAMEWORK_HEADER = YES;
				CLANG_WARN_RANGE_LOOP_ANALYSIS = YES;
				CLANG_WARN_STRICT_PROTOTYPES = YES;
				CLANG_WARN_SUSPICIOUS_MOVE = YES;
				CLANG_WARN_UNGUARDED_AVAILABILITY = YES_AGGRESSIVE;
				CLANG_WARN_UNREACHABLE_CODE = YES;
				CLANG_WARN__DUPLICATE_METHOD_MATCH = YES;
				COPY_PHASE_STRIP = NO;
				DEBUG_INFORMATION_FORMAT = "dwarf-with-dsym";
				ENABLE_NS_ASSERTIONS = NO;
				ENABLE_STRICT_OBJC_MSGSEND = YES;
				ENABLE_USER_SCRIPT_SANDBOXING = YES;
				GCC_C_LANGUAGE_STANDARD = gnu17;
				GCC_NO_COMMON_BLOCKS = YES;
				GCC_WARN_64_TO_32_BIT_CONVERSION = YES;
				GCC_WARN_ABOUT_RETURN_TYPE = YES_ERROR;
				GCC_WARN_UNDECLARED_SELECTOR = YES;
				GCC_WARN_UNINITIALIZED_AUTOS = YES_AGGRESSIVE;
				GCC_WARN_UNUSED_FUNCTION = YES;
				GCC_WARN_UNUSED_VARIABLE = YES;
				IPHONEOS_DEPLOYMENT_TARGET = 17.4;
				LOCALIZATION_PREFERS_STRING_CATALOGS = YES;
				MTL_ENABLE_DEBUG_INFO = NO;
				MTL_FAST_MATH = YES;
				SDKROOT = iphoneos;
				SWIFT_COMPILATION_MODE = wholemodule;
				VALIDATE_PRODUCT = YES;
			};
			name = Release;
		};
		DFFD3A6C2BF2679500AE5AF2 /* Debug */ = {
			isa = XCBuildConfiguration;
			buildSettings = {
				ASSETCATALOG_COMPILER_APPICON_NAME = AppIcon;
				ASSETCATALOG_COMPILER_GLOBAL_ACCENT_COLOR_NAME = AccentColor;
				CODE_SIGN_STYLE = Automatic;
				CURRENT_PROJECT_VERSION = 1;
				DEVELOPMENT_TEAM = 675L5G2V4N;
				GENERATE_INFOPLIST_FILE = YES;
				INFOPLIST_FILE = MarketApp/Info.plist;
				INFOPLIST_KEY_UIApplicationSupportsIndirectInputEvents = YES;
				INFOPLIST_KEY_UILaunchStoryboardName = LaunchScreen;
				INFOPLIST_KEY_UIMainStoryboardFile = "";
				INFOPLIST_KEY_UISupportedInterfaceOrientations_iPad = "UIInterfaceOrientationPortrait UIInterfaceOrientationPortraitUpsideDown UIInterfaceOrientationLandscapeLeft UIInterfaceOrientationLandscapeRight";
				INFOPLIST_KEY_UISupportedInterfaceOrientations_iPhone = "UIInterfaceOrientationPortrait UIInterfaceOrientationLandscapeLeft UIInterfaceOrientationLandscapeRight";
				LD_RUNPATH_SEARCH_PATHS = (
					"$(inherited)",
					"@executable_path/Frameworks",
				);
				MARKETING_VERSION = 1.0;
				PRODUCT_BUNDLE_IDENTIFIER = com.Atyrau.MarketApp;
				PRODUCT_NAME = "$(TARGET_NAME)";
				SWIFT_EMIT_LOC_STRINGS = YES;
				SWIFT_VERSION = 5.0;
				TARGETED_DEVICE_FAMILY = "1,2";
			};
			name = Debug;
		};
		DFFD3A6D2BF2679500AE5AF2 /* Release */ = {
			isa = XCBuildConfiguration;
			buildSettings = {
				ASSETCATALOG_COMPILER_APPICON_NAME = AppIcon;
				ASSETCATALOG_COMPILER_GLOBAL_ACCENT_COLOR_NAME = AccentColor;
				CODE_SIGN_STYLE = Automatic;
				CURRENT_PROJECT_VERSION = 1;
				DEVELOPMENT_TEAM = 675L5G2V4N;
				GENERATE_INFOPLIST_FILE = YES;
				INFOPLIST_FILE = MarketApp/Info.plist;
				INFOPLIST_KEY_UIApplicationSupportsIndirectInputEvents = YES;
				INFOPLIST_KEY_UILaunchStoryboardName = LaunchScreen;
				INFOPLIST_KEY_UIMainStoryboardFile = "";
				INFOPLIST_KEY_UISupportedInterfaceOrientations_iPad = "UIInterfaceOrientationPortrait UIInterfaceOrientationPortraitUpsideDown UIInterfaceOrientationLandscapeLeft UIInterfaceOrientationLandscapeRight";
				INFOPLIST_KEY_UISupportedInterfaceOrientations_iPhone = "UIInterfaceOrientationPortrait UIInterfaceOrientationLandscapeLeft UIInterfaceOrientationLandscapeRight";
				LD_RUNPATH_SEARCH_PATHS = (
					"$(inherited)",
					"@executable_path/Frameworks",
				);
				MARKETING_VERSION = 1.0;
				PRODUCT_BUNDLE_IDENTIFIER = com.Atyrau.MarketApp;
				PRODUCT_NAME = "$(TARGET_NAME)";
				SWIFT_EMIT_LOC_STRINGS = YES;
				SWIFT_VERSION = 5.0;
				TARGETED_DEVICE_FAMILY = "1,2";
			};
			name = Release;
		};
/* End XCBuildConfiguration section */

/* Begin XCConfigurationList section */
		DFFD3A522BF2679400AE5AF2 /* Build configuration list for PBXProject "MarketApp" */ = {
			isa = XCConfigurationList;
			buildConfigurations = (
				DFFD3A692BF2679500AE5AF2 /* Debug */,
				DFFD3A6A2BF2679500AE5AF2 /* Release */,
			);
			defaultConfigurationIsVisible = 0;
			defaultConfigurationName = Release;
		};
		DFFD3A6B2BF2679500AE5AF2 /* Build configuration list for PBXNativeTarget "MarketApp" */ = {
			isa = XCConfigurationList;
			buildConfigurations = (
				DFFD3A6C2BF2679500AE5AF2 /* Debug */,
				DFFD3A6D2BF2679500AE5AF2 /* Release */,
			);
			defaultConfigurationIsVisible = 0;
			defaultConfigurationName = Release;
		};
/* End XCConfigurationList section */

/* Begin XCRemoteSwiftPackageReference section */
		DFC9B07F2C087AB80034D6B9 /* XCRemoteSwiftPackageReference "firebase-ios-sdk" */ = {
			isa = XCRemoteSwiftPackageReference;
			repositoryURL = "https://github.com/firebase/firebase-ios-sdk";
			requirement = {
				kind = upToNextMajorVersion;
				minimumVersion = 10.27.0;
			};
		};
		DFFD3A6E2BF26AF000AE5AF2 /* XCRemoteSwiftPackageReference "SnapKit" */ = {
			isa = XCRemoteSwiftPackageReference;
			repositoryURL = "https://github.com/SnapKit/SnapKit.git";
			requirement = {
				kind = upToNextMajorVersion;
				minimumVersion = 5.7.1;
			};
		};
		DFFD3AC32BF6A25100AE5AF2 /* XCRemoteSwiftPackageReference "Kingfisher" */ = {
			isa = XCRemoteSwiftPackageReference;
			repositoryURL = "https://github.com/onevcat/Kingfisher.git";
			requirement = {
				kind = upToNextMajorVersion;
				minimumVersion = 7.11.0;
			};
		};
/* End XCRemoteSwiftPackageReference section */

/* Begin XCSwiftPackageProductDependency section */
		DFC9B0802C087AE50034D6B9 /* FirebaseAuth */ = {
			isa = XCSwiftPackageProductDependency;
			package = DFC9B07F2C087AB80034D6B9 /* XCRemoteSwiftPackageReference "firebase-ios-sdk" */;
			productName = FirebaseAuth;
		};
		DFC9B0822C087AE50034D6B9 /* FirebaseCrashlytics */ = {
			isa = XCSwiftPackageProductDependency;
			package = DFC9B07F2C087AB80034D6B9 /* XCRemoteSwiftPackageReference "firebase-ios-sdk" */;
			productName = FirebaseCrashlytics;
		};
		DFC9B0842C087AE50034D6B9 /* FirebaseFirestore */ = {
			isa = XCSwiftPackageProductDependency;
			package = DFC9B07F2C087AB80034D6B9 /* XCRemoteSwiftPackageReference "firebase-ios-sdk" */;
			productName = FirebaseFirestore;
		};
		DFC9B0862C087AE50034D6B9 /* FirebaseStorage */ = {
			isa = XCSwiftPackageProductDependency;
			package = DFC9B07F2C087AB80034D6B9 /* XCRemoteSwiftPackageReference "firebase-ios-sdk" */;
			productName = FirebaseStorage;
		};
		DFFD3A6F2BF26AF000AE5AF2 /* SnapKit */ = {
			isa = XCSwiftPackageProductDependency;
			package = DFFD3A6E2BF26AF000AE5AF2 /* XCRemoteSwiftPackageReference "SnapKit" */;
			productName = SnapKit;
		};
		DFFD3AC42BF6A25100AE5AF2 /* Kingfisher */ = {
			isa = XCSwiftPackageProductDependency;
			package = DFFD3AC32BF6A25100AE5AF2 /* XCRemoteSwiftPackageReference "Kingfisher" */;
			productName = Kingfisher;
		};
/* End XCSwiftPackageProductDependency section */
	};
	rootObject = DFFD3A4F2BF2679400AE5AF2 /* Project object */;
}
